
Microsoft Visual Studio Solution File, Format Version 9.00
# Visual Studio 2005
Project("{FAE04EC0-301F-11D3-BF4B-00C04F79EFBC}") = "UserConsole", "UserConsole\UserConsole.csproj", "{B115C646-C49D-481D-98E3-527AFE76FE6C}"
EndProject
Project("{FAE04EC0-301F-11D3-BF4B-00C04F79EFBC}") = "AquaLibrary", "AquaLineLibrary\AquaLibrary.csproj", "{E4C73AFE-9815-488F-8AB9-8206EC70D745}"
EndProject
Global
	GlobalSection(SolutionConfigurationPlatforms) = preSolution
		Debug|Any CPU = Debug|Any CPU
		Debug|Itanium = Debug|Itanium
		Debug|x86 = Debug|x86
		Release|Any CPU = Release|Any CPU
		Release|Itanium = Release|Itanium
		Release|x86 = Release|x86
	EndGlobalSection
	GlobalSection(ProjectConfigurationPlatforms) = postSolution
		{B115C646-C49D-481D-98E3-527AFE76FE6C}.Debug|Any CPU.ActiveCfg = Debug|Any CPU
		{B115C646-C49D-481D-98E3-527AFE76FE6C}.Debug|Any CPU.Build.0 = Debug|Any CPU
		{B115C646-C49D-481D-98E3-527AFE76FE6C}.Debug|Itanium.ActiveCfg = Debug|Any CPU
		{B115C646-C49D-481D-98E3-527AFE76FE6C}.Debug|x86.ActiveCfg = Debug|Any CPU
		{B115C646-C49D-481D-98E3-527AFE76FE6C}.Release|Any CPU.ActiveCfg = Release|Any CPU
		{B115C646-C49D-481D-98E3-527AFE76FE6C}.Release|Any CPU.Build.0 = Release|Any CPU
		{B115C646-C49D-481D-98E3-527AFE76FE6C}.Release|Itanium.ActiveCfg = Release|Any CPU
		{B115C646-C49D-481D-98E3-527AFE76FE6C}.Release|x86.ActiveCfg = Release|Any CPU
		{E4C73AFE-9815-488F-8AB9-8206EC70D745}.Debug|Any CPU.ActiveCfg = Debug|Any CPU
		{E4C73AFE-9815-488F-8AB9-8206EC70D745}.Debug|Any CPU.Build.0 = Debug|Any CPU
		{E4C73AFE-9815-488F-8AB9-8206EC70D745}.Debug|Itanium.ActiveCfg = Debug|Itanium
		{E4C73AFE-9815-488F-8AB9-8206EC70D745}.Debug|Itanium.Build.0 = Debug|Itanium
		{E4C73AFE-9815-488F-8AB9-8206EC70D745}.Debug|x86.ActiveCfg = Debug|x86
		{E4C73AFE-9815-488F-8AB9-8206EC70D745}.Debug|x86.Build.0 = Debug|x86
		{E4C73AFE-9815-488F-8AB9-8206EC70D745}.Release|Any CPU.ActiveCfg = Release|Any CPU
		{E4C73AFE-9815-488F-8AB9-8206EC70D745}.Release|Any CPU.Build.0 = Release|Any CPU
		{E4C73AFE-9815-488F-8AB9-8206EC70D745}.Release|Itanium.ActiveCfg = Release|Itanium
		{E4C73AFE-9815-488F-8AB9-8206EC70D745}.Release|Itanium.Build.0 = Release|Itanium
		{E4C73AFE-9815-488F-8AB9-8206EC70D745}.Release|x86.ActiveCfg = Release|x86
		{E4C73AFE-9815-488F-8AB9-8206EC70D745}.Release|x86.Build.0 = Release|x86
	EndGlobalSection
	GlobalSection(SolutionProperties) = preSolution
		HideSolutionNode = FALSE
	EndGlobalSection
EndGlobal
